
Microsoft Visual Studio Solution File, Format Version 12.00
# Visual Studio 2013
VisualStudioVersion = 12.0.31101.0
MinimumVisualStudioVersion = 10.0.40219.1
Project("{FAE04EC0-301F-11D3-BF4B-00C04F79EFBC}") = "RedCell.Web.SmsRepository", "RedCell.Web.SmsRepository\RedCell.Web.SmsRepository.csproj", "{7F02F705-FFF8-4CE7-9FE3-77AC47C46B4D}"
EndProject
Global
	GlobalSection(SolutionConfigurationPlatforms) = preSolution
		Debug|Any CPU = Debug|Any CPU
		Release|Any CPU = Release|Any CPU
	EndGlobalSection
	GlobalSection(ProjectConfigurationPlatforms) = postSolution
		{7F02F705-FFF8-4CE7-9FE3-77AC47C46B4D}.Debug|Any CPU.ActiveCfg = Debug|Any CPU
		{7F02F705-FFF8-4CE7-9FE3-77AC47C46B4D}.Debug|Any CPU.Build.0 = Debug|Any CPU
		{7F02F705-FFF8-4CE7-9FE3-77AC47C46B4D}.Release|Any CPU.ActiveCfg = Release|Any CPU
		{7F02F705-FFF8-4CE7-9FE3-77AC47C46B4D}.Release|Any CPU.Build.0 = Release|Any CPU
	EndGlobalSection
	GlobalSection(SolutionProperties) = preSolution
		HideSolutionNode = FALSE
	EndGlobalSection
EndGlobal
